
Microsoft Visual Studio Solution File, Format Version 12.00
# Visual Studio Version 17
VisualStudioVersion = 17.13.35919.96 d17.13
MinimumVisualStudioVersion = 10.0.40219.1
Project("{FAE04EC0-301F-11D3-BF4B-00C04F79EFBC}") = "ConsoleApp1", "ConsoleApp1.csproj", "{0EAE9DF1-256A-4D4A-AFF0-89B014AF5F05}"
EndProject
Project("{FAE04EC0-301F-11D3-BF4B-00C04F79EFBC}") = "ConsoleApp2", "..\ConsoleApp2\ConsoleApp2.csproj", "{7345C5CD-0C86-4643-8268-587417C7F25E}"
EndProject
Project("{FAE04EC0-301F-11D3-BF4B-00C04F79EFBC}") = "ConsoleApp3", "..\ConsoleApp3\ConsoleApp3.csproj", "{5C78E9AE-9D9E-4147-8E4C-5161A36474EE}"
EndProject
Global
	GlobalSection(SolutionConfigurationPlatforms) = preSolution
		Debug|Any CPU = Debug|Any CPU
		Release|Any CPU = Release|Any CPU
	EndGlobalSection
	GlobalSection(ProjectConfigurationPlatforms) = postSolution
		{0EAE9DF1-256A-4D4A-AFF0-89B014AF5F05}.Debug|Any CPU.ActiveCfg = Debug|Any CPU
		{0EAE9DF1-256A-4D4A-AFF0-89B014AF5F05}.Debug|Any CPU.Build.0 = Debug|Any CPU
		{0EAE9DF1-256A-4D4A-AFF0-89B014AF5F05}.Release|Any CPU.ActiveCfg = Release|Any CPU
		{0EAE9DF1-256A-4D4A-AFF0-89B014AF5F05}.Release|Any CPU.Build.0 = Release|Any CPU
		{7345C5CD-0C86-4643-8268-587417C7F25E}.Debug|Any CPU.ActiveCfg = Debug|Any CPU
		{7345C5CD-0C86-4643-8268-587417C7F25E}.Debug|Any CPU.Build.0 = Debug|Any CPU
		{7345C5CD-0C86-4643-8268-587417C7F25E}.Release|Any CPU.ActiveCfg = Release|Any CPU
		{7345C5CD-0C86-4643-8268-587417C7F25E}.Release|Any CPU.Build.0 = Release|Any CPU
		{5C78E9AE-9D9E-4147-8E4C-5161A36474EE}.Debug|Any CPU.ActiveCfg = Debug|Any CPU
		{5C78E9AE-9D9E-4147-8E4C-5161A36474EE}.Debug|Any CPU.Build.0 = Debug|Any CPU
		{5C78E9AE-9D9E-4147-8E4C-5161A36474EE}.Release|Any CPU.ActiveCfg = Release|Any CPU
		{5C78E9AE-9D9E-4147-8E4C-5161A36474EE}.Release|Any CPU.Build.0 = Release|Any CPU
	EndGlobalSection
	GlobalSection(SolutionProperties) = preSolution
		HideSolutionNode = FALSE
	EndGlobalSection
	GlobalSection(ExtensibilityGlobals) = postSolution
		SolutionGuid = {DF2348D6-479E-452B-A71C-88E7B621EF9E}
	EndGlobalSection
EndGlobal
