
Microsoft Visual Studio Solution File, Format Version 12.00
# Visual Studio Version 17
VisualStudioVersion = 17.13.35919.96 d17.13
MinimumVisualStudioVersion = 10.0.40219.1
Project("{FAE04EC0-301F-11D3-BF4B-00C04F79EFBC}") = "ConsoleApp1", "ConsoleApp1.csproj", "{49D408F1-6476-45C3-AEFF-49ABA5F5249E}"
EndProject
Global
	GlobalSection(SolutionConfigurationPlatforms) = preSolution
		Debug|Any CPU = Debug|Any CPU
		Release|Any CPU = Release|Any CPU
	EndGlobalSection
	GlobalSection(ProjectConfigurationPlatforms) = postSolution
		{49D408F1-6476-45C3-AEFF-49ABA5F5249E}.Debug|Any CPU.ActiveCfg = Debug|Any CPU
		{49D408F1-6476-45C3-AEFF-49ABA5F5249E}.Debug|Any CPU.Build.0 = Debug|Any CPU
		{49D408F1-6476-45C3-AEFF-49ABA5F5249E}.Release|Any CPU.ActiveCfg = Release|Any CPU
		{49D408F1-6476-45C3-AEFF-49ABA5F5249E}.Release|Any CPU.Build.0 = Release|Any CPU
	EndGlobalSection
	GlobalSection(SolutionProperties) = preSolution
		HideSolutionNode = FALSE
	EndGlobalSection
	GlobalSection(ExtensibilityGlobals) = postSolution
		SolutionGuid = {A975D20C-099D-4ADD-B814-AB303BCFB0D4}
	EndGlobalSection
EndGlobal
